
Microsoft Visual Studio Solution File, Format Version 12.00
# Visual Studio 15
VisualStudioVersion = 15.0.28307.421
MinimumVisualStudioVersion = 10.0.40219.1
Project("{FAE04EC0-301F-11D3-BF4B-00C04F79EFBC}") = "BeatSaberCloneScoreServer", "BeatSaberCloneScoreServer.csproj", "{8591A884-7D95-491E-A787-7398A97BD110}"
EndProject
Global
	GlobalSection(SolutionConfigurationPlatforms) = preSolution
		Debug|Any CPU = Debug|Any CPU
		Release|Any CPU = Release|Any CPU
	EndGlobalSection
	GlobalSection(ProjectConfigurationPlatforms) = postSolution
		{8591A884-7D95-491E-A787-7398A97BD110}.Debug|Any CPU.ActiveCfg = Debug|Any CPU
		{8591A884-7D95-491E-A787-7398A97BD110}.Debug|Any CPU.Build.0 = Debug|Any CPU
		{8591A884-7D95-491E-A787-7398A97BD110}.Release|Any CPU.ActiveCfg = Release|Any CPU
		{8591A884-7D95-491E-A787-7398A97BD110}.Release|Any CPU.Build.0 = Release|Any CPU
	EndGlobalSection
	GlobalSection(SolutionProperties) = preSolution
		HideSolutionNode = FALSE
	EndGlobalSection
	GlobalSection(ExtensibilityGlobals) = postSolution
		SolutionGuid = {C1993F4E-2591-4A2F-8431-43206173F7BB}
	EndGlobalSection
EndGlobal
